
Microsoft Visual Studio Solution File, Format Version 12.00
# Visual Studio Version 17
VisualStudioVersion = 17.8.34525.116
MinimumVisualStudioVersion = 10.0.40219.1
Project("{9A19103F-16F7-4668-BE54-9A1E7A4F7556}") = "tv2html", "tv2html\tv2html.csproj", "{38934320-7A4A-4249-86F0-56CEC26D97F1}"
EndProject
Project("{2150E333-8FDC-42A3-9474-1A3956D46DE8}") = "Solution Items", "Solution Items", "{FE3A9B9A-35A4-4BF9-9D3E-DFDFD1E69A68}"
	ProjectSection(SolutionItems) = preProject
		auth_token.txt = auth_token.txt
		LICENSE.txt = LICENSE.txt
		README.md = README.md
	EndProjectSection
EndProject
Global
	GlobalSection(SolutionConfigurationPlatforms) = preSolution
		Debug|Any CPU = Debug|Any CPU
		Release|Any CPU = Release|Any CPU
	EndGlobalSection
	GlobalSection(ProjectConfigurationPlatforms) = postSolution
		{38934320-7A4A-4249-86F0-56CEC26D97F1}.Debug|Any CPU.ActiveCfg = Debug|Any CPU
		{38934320-7A4A-4249-86F0-56CEC26D97F1}.Debug|Any CPU.Build.0 = Debug|Any CPU
		{38934320-7A4A-4249-86F0-56CEC26D97F1}.Release|Any CPU.ActiveCfg = Release|Any CPU
		{38934320-7A4A-4249-86F0-56CEC26D97F1}.Release|Any CPU.Build.0 = Release|Any CPU
	EndGlobalSection
	GlobalSection(SolutionProperties) = preSolution
		HideSolutionNode = FALSE
	EndGlobalSection
	GlobalSection(ExtensibilityGlobals) = postSolution
		SolutionGuid = {AD1D61A5-8DB7-4DD0-88E6-4DD624AB10B5}
	EndGlobalSection
EndGlobal
